
Microsoft Visual Studio Solution File, Format Version 12.00
# Visual Studio Version 17
VisualStudioVersion = 17.10.34928.147
MinimumVisualStudioVersion = 10.0.40219.1
Project("{9A19103F-16F7-4668-BE54-9A1E7A4F7556}") = "Api", "Api\Api.csproj", "{C3CCE7D7-0834-4643-8F23-0F244EBBE809}"
EndProject
Project("{9A19103F-16F7-4668-BE54-9A1E7A4F7556}") = "Domain", "Domain\Domain.csproj", "{05E0A7C5-644E-4F59-BD55-1BD7BF7B579F}"
EndProject
Project("{9A19103F-16F7-4668-BE54-9A1E7A4F7556}") = "Infrastructure", "Infrastructure\Infrastructure.csproj", "{82370EFC-74E7-411F-9E67-7548866ECDD5}"
EndProject
Project("{9A19103F-16F7-4668-BE54-9A1E7A4F7556}") = "Application", "Application\Application.csproj", "{FC87CCFE-52AE-4D75-9524-4CAEA3BC7217}"
EndProject
Project("{2150E333-8FDC-42A3-9474-1A3956D46DE8}") = "_Common", "_Common", "{2EE59EDB-B720-450A-AFA7-946739859AD0}"
EndProject
Project("{9A19103F-16F7-4668-BE54-9A1E7A4F7556}") = "Common.Exceptions", "_Common\Common.Exceptions\Common.Exceptions.csproj", "{97D494F5-49A0-41C7-916D-7CD5302E9D39}"
EndProject
Project("{FAE04EC0-301F-11D3-BF4B-00C04F79EFBC}") = "Common.Validation", "Common.Validation\Common.Validation.csproj", "{A1BDC1EA-191D-4E6F-9889-DE56CD01E365}"
EndProject
Project("{FAE04EC0-301F-11D3-BF4B-00C04F79EFBC}") = "Common.Infrastructure", "_Common\Common.Infrastructure\Common.Infrastructure.csproj", "{8ACF992C-5BF3-4C86-AAA0-6FA8D2B3864B}"
EndProject
Global
	GlobalSection(SolutionConfigurationPlatforms) = preSolution
		Debug|Any CPU = Debug|Any CPU
		Release|Any CPU = Release|Any CPU
	EndGlobalSection
	GlobalSection(ProjectConfigurationPlatforms) = postSolution
		{C3CCE7D7-0834-4643-8F23-0F244EBBE809}.Debug|Any CPU.ActiveCfg = Debug|Any CPU
		{C3CCE7D7-0834-4643-8F23-0F244EBBE809}.Debug|Any CPU.Build.0 = Debug|Any CPU
		{C3CCE7D7-0834-4643-8F23-0F244EBBE809}.Release|Any CPU.ActiveCfg = Release|Any CPU
		{C3CCE7D7-0834-4643-8F23-0F244EBBE809}.Release|Any CPU.Build.0 = Release|Any CPU
		{05E0A7C5-644E-4F59-BD55-1BD7BF7B579F}.Debug|Any CPU.ActiveCfg = Debug|Any CPU
		{05E0A7C5-644E-4F59-BD55-1BD7BF7B579F}.Debug|Any CPU.Build.0 = Debug|Any CPU
		{05E0A7C5-644E-4F59-BD55-1BD7BF7B579F}.Release|Any CPU.ActiveCfg = Release|Any CPU
		{05E0A7C5-644E-4F59-BD55-1BD7BF7B579F}.Release|Any CPU.Build.0 = Release|Any CPU
		{82370EFC-74E7-411F-9E67-7548866ECDD5}.Debug|Any CPU.ActiveCfg = Debug|Any CPU
		{82370EFC-74E7-411F-9E67-7548866ECDD5}.Debug|Any CPU.Build.0 = Debug|Any CPU
		{82370EFC-74E7-411F-9E67-7548866ECDD5}.Release|Any CPU.ActiveCfg = Release|Any CPU
		{82370EFC-74E7-411F-9E67-7548866ECDD5}.Release|Any CPU.Build.0 = Release|Any CPU
		{FC87CCFE-52AE-4D75-9524-4CAEA3BC7217}.Debug|Any CPU.ActiveCfg = Debug|Any CPU
		{FC87CCFE-52AE-4D75-9524-4CAEA3BC7217}.Debug|Any CPU.Build.0 = Debug|Any CPU
		{FC87CCFE-52AE-4D75-9524-4CAEA3BC7217}.Release|Any CPU.ActiveCfg = Release|Any CPU
		{FC87CCFE-52AE-4D75-9524-4CAEA3BC7217}.Release|Any CPU.Build.0 = Release|Any CPU
		{97D494F5-49A0-41C7-916D-7CD5302E9D39}.Debug|Any CPU.ActiveCfg = Debug|Any CPU
		{97D494F5-49A0-41C7-916D-7CD5302E9D39}.Debug|Any CPU.Build.0 = Debug|Any CPU
		{97D494F5-49A0-41C7-916D-7CD5302E9D39}.Release|Any CPU.ActiveCfg = Release|Any CPU
		{97D494F5-49A0-41C7-916D-7CD5302E9D39}.Release|Any CPU.Build.0 = Release|Any CPU
		{A1BDC1EA-191D-4E6F-9889-DE56CD01E365}.Debug|Any CPU.ActiveCfg = Debug|Any CPU
		{A1BDC1EA-191D-4E6F-9889-DE56CD01E365}.Debug|Any CPU.Build.0 = Debug|Any CPU
		{A1BDC1EA-191D-4E6F-9889-DE56CD01E365}.Release|Any CPU.ActiveCfg = Release|Any CPU
		{A1BDC1EA-191D-4E6F-9889-DE56CD01E365}.Release|Any CPU.Build.0 = Release|Any CPU
		{8ACF992C-5BF3-4C86-AAA0-6FA8D2B3864B}.Debug|Any CPU.ActiveCfg = Debug|Any CPU
		{8ACF992C-5BF3-4C86-AAA0-6FA8D2B3864B}.Debug|Any CPU.Build.0 = Debug|Any CPU
		{8ACF992C-5BF3-4C86-AAA0-6FA8D2B3864B}.Release|Any CPU.ActiveCfg = Release|Any CPU
		{8ACF992C-5BF3-4C86-AAA0-6FA8D2B3864B}.Release|Any CPU.Build.0 = Release|Any CPU
	EndGlobalSection
	GlobalSection(SolutionProperties) = preSolution
		HideSolutionNode = FALSE
	EndGlobalSection
	GlobalSection(NestedProjects) = preSolution
		{97D494F5-49A0-41C7-916D-7CD5302E9D39} = {2EE59EDB-B720-450A-AFA7-946739859AD0}
		{A1BDC1EA-191D-4E6F-9889-DE56CD01E365} = {2EE59EDB-B720-450A-AFA7-946739859AD0}
		{8ACF992C-5BF3-4C86-AAA0-6FA8D2B3864B} = {2EE59EDB-B720-450A-AFA7-946739859AD0}
	EndGlobalSection
	GlobalSection(ExtensibilityGlobals) = postSolution
		SolutionGuid = {570812D9-DCD8-4D6B-AA8A-9A02B9EA0556}
	EndGlobalSection
EndGlobal
